
Microsoft Visual Studio Solution File, Format Version 12.00
# Visual Studio Version 16
VisualStudioVersion = 16.0.31410.357
MinimumVisualStudioVersion = 10.0.40219.1
Project("{FAE04EC0-301F-11D3-BF4B-00C04F79EFBC}") = "CSI_Media_Philip_Mottershesd", "CSI_Media_Philip_Mottershesd\CSI_Media_Philip_Mottershesd.csproj", "{4AF54A8E-8EB6-4E18-9BEF-854DE6EFD523}"
EndProject
Global
	GlobalSection(SolutionConfigurationPlatforms) = preSolution
		Debug|Any CPU = Debug|Any CPU
		Release|Any CPU = Release|Any CPU
	EndGlobalSection
	GlobalSection(ProjectConfigurationPlatforms) = postSolution
		{4AF54A8E-8EB6-4E18-9BEF-854DE6EFD523}.Debug|Any CPU.ActiveCfg = Debug|Any CPU
		{4AF54A8E-8EB6-4E18-9BEF-854DE6EFD523}.Debug|Any CPU.Build.0 = Debug|Any CPU
		{4AF54A8E-8EB6-4E18-9BEF-854DE6EFD523}.Release|Any CPU.ActiveCfg = Release|Any CPU
		{4AF54A8E-8EB6-4E18-9BEF-854DE6EFD523}.Release|Any CPU.Build.0 = Release|Any CPU
	EndGlobalSection
	GlobalSection(SolutionProperties) = preSolution
		HideSolutionNode = FALSE
	EndGlobalSection
	GlobalSection(ExtensibilityGlobals) = postSolution
		SolutionGuid = {206FE450-1AA1-45B4-8070-728A93A2681F}
	EndGlobalSection
EndGlobal
